
Microsoft Visual Studio Solution File, Format Version 12.00
# Visual Studio Version 16
VisualStudioVersion = 16.0.30804.86
MinimumVisualStudioVersion = 10.0.40219.1
Project("{8BC9CEB8-8B4A-11D0-8D11-00A0C91BC942}") = "Day7Proto_5", "Day7Proto_5\Day7Proto_5.vcxproj", "{A5A766C9-8874-4654-A488-C7AD7D9C9AAA}"
EndProject
Global
	GlobalSection(SolutionConfigurationPlatforms) = preSolution
		Debug|x64 = Debug|x64
		Debug|x86 = Debug|x86
		Release|x64 = Release|x64
		Release|x86 = Release|x86
	EndGlobalSection
	GlobalSection(ProjectConfigurationPlatforms) = postSolution
		{A5A766C9-8874-4654-A488-C7AD7D9C9AAA}.Debug|x64.ActiveCfg = Debug|x64
		{A5A766C9-8874-4654-A488-C7AD7D9C9AAA}.Debug|x64.Build.0 = Debug|x64
		{A5A766C9-8874-4654-A488-C7AD7D9C9AAA}.Debug|x86.ActiveCfg = Debug|Win32
		{A5A766C9-8874-4654-A488-C7AD7D9C9AAA}.Debug|x86.Build.0 = Debug|Win32
		{A5A766C9-8874-4654-A488-C7AD7D9C9AAA}.Release|x64.ActiveCfg = Release|x64
		{A5A766C9-8874-4654-A488-C7AD7D9C9AAA}.Release|x64.Build.0 = Release|x64
		{A5A766C9-8874-4654-A488-C7AD7D9C9AAA}.Release|x86.ActiveCfg = Release|Win32
		{A5A766C9-8874-4654-A488-C7AD7D9C9AAA}.Release|x86.Build.0 = Release|Win32
	EndGlobalSection
	GlobalSection(SolutionProperties) = preSolution
		HideSolutionNode = FALSE
	EndGlobalSection
	GlobalSection(ExtensibilityGlobals) = postSolution
		SolutionGuid = {3007BA1E-3556-468A-BDA9-9CBB770F8A36}
	EndGlobalSection
EndGlobal
